{
  "requires": true,
  "lockfileVersion": 1,
  "dependencies": {
    "@opentelemetry/api": {
      "version": "1.3.0",
      "resolved": "https://registry.npmjs.org/@opentelemetry/api/-/api-1.3.0.tgz",
      "integrity": "sha512-YveTnGNsFFixTKJz09Oi4zYkiLT5af3WpZDu4aIUM7xX+2bHAkOJayFTVQd6zB8kkWPpbua4Ha6Ql00grdLlJQ=="
    }
  }
}
